// !$*UTF8*$!
{
	archiveVersion = 1;
	classes = {
	};
	objectVersion = 50;
	objects = {

/* Begin PBXBuildFile section */
		D827B15625BF62E8002DA988 /* HomeView.swift in Sources */ = {isa = PBXBuildFile; fileRef = D827B15525BF62E8002DA988 /* HomeView.swift */; };
		D827B15A25BF6475002DA988 /* MapView.swift in Sources */ = {isa = PBXBuildFile; fileRef = D827B15925BF6475002DA988 /* MapView.swift */; };
		D827B15E25BF65EF002DA988 /* AboutView.swift in Sources */ = {isa = PBXBuildFile; fileRef = D827B15D25BF65EF002DA988 /* AboutView.swift */; };
		D827B16125BF6680002DA988 /* _AMTemplater.swift in Sources */ = {isa = PBXBuildFile; fileRef = D827B16025BF6680002DA988 /* _AMTemplater.swift */; };
		D8CE100725BF75960046D7F2 /* PoweredByAppMakerView.swift in Sources */ = {isa = PBXBuildFile; fileRef = D8CE100625BF75960046D7F2 /* PoweredByAppMakerView.swift */; };
		D8D00FC425BE37A4003E090E /* BasicTemplateApp.swift in Sources */ = {isa = PBXBuildFile; fileRef = D8D00FC325BE37A4003E090E /* BasicTemplateApp.swift */; };
		D8D00FC625BE37A4003E090E /* ContentView.swift in Sources */ = {isa = PBXBuildFile; fileRef = D8D00FC525BE37A4003E090E /* ContentView.swift */; };
		D8D00FC825BE37A5003E090E /* Assets.xcassets in Resources */ = {isa = PBXBuildFile; fileRef = D8D00FC725BE37A5003E090E /* Assets.xcassets */; };
		D8D00FCB25BE37A5003E090E /* Preview Assets.xcassets in Resources */ = {isa = PBXBuildFile; fileRef = D8D00FCA25BE37A5003E090E /* Preview Assets.xcassets */; };
/* End PBXBuildFile section */

/* Begin PBXFileReference section */
		D827B15525BF62E8002DA988 /* HomeView.swift */ = {isa = PBXFileReference; lastKnownFileType = sourcecode.swift; path = HomeView.swift; sourceTree = "<group>"; };
		D827B15925BF6475002DA988 /* MapView.swift */ = {isa = PBXFileReference; lastKnownFileType = sourcecode.swift; path = MapView.swift; sourceTree = "<group>"; };
		D827B15D25BF65EF002DA988 /* AboutView.swift */ = {isa = PBXFileReference; lastKnownFileType = sourcecode.swift; path = AboutView.swift; sourceTree = "<group>"; };
		D827B16025BF6680002DA988 /* _AMTemplater.swift */ = {isa = PBXFileReference; lastKnownFileType = sourcecode.swift; path = _AMTemplater.swift; sourceTree = "<group>"; };
		D8CE100625BF75960046D7F2 /* PoweredByAppMakerView.swift */ = {isa = PBXFileReference; lastKnownFileType = sourcecode.swift; path = PoweredByAppMakerView.swift; sourceTree = "<group>"; };
		D8D00FC025BE37A4003E090E /* BasicTemplate.app */ = {isa = PBXFileReference; explicitFileType = wrapper.application; includeInIndex = 0; path = BasicTemplate.app; sourceTree = BUILT_PRODUCTS_DIR; };
		D8D00FC325BE37A4003E090E /* BasicTemplateApp.swift */ = {isa = PBXFileReference; lastKnownFileType = sourcecode.swift; path = BasicTemplateApp.swift; sourceTree = "<group>"; };
		D8D00FC525BE37A4003E090E /* ContentView.swift */ = {isa = PBXFileReference; lastKnownFileType = sourcecode.swift; path = ContentView.swift; sourceTree = "<group>"; };
		D8D00FC725BE37A5003E090E /* Assets.xcassets */ = {isa = PBXFileReference; lastKnownFileType = folder.assetcatalog; path = Assets.xcassets; sourceTree = "<group>"; };
		D8D00FCA25BE37A5003E090E /* Preview Assets.xcassets */ = {isa = PBXFileReference; lastKnownFileType = folder.assetcatalog; path = "Preview Assets.xcassets"; sourceTree = "<group>"; };
		D8D00FCC25BE37A5003E090E /* Info.plist */ = {isa = PBXFileReference; lastKnownFileType = text.plist.xml; path = Info.plist; sourceTree = "<group>"; };
/* End PBXFileReference section */

/* Begin PBXFrameworksBuildPhase section */
		D8D00FBD25BE37A4003E090E /* Frameworks */ = {
			isa = PBXFrameworksBuildPhase;
			buildActionMask = 2147483647;
			files = (
			);
			runOnlyForDeploymentPostprocessing = 0;
		};
/* End PBXFrameworksBuildPhase section */

/* Begin PBXGroup section */
		D827B15825BF6468002DA988 /* Views */ = {
			isa = PBXGroup;
			children = (
				D827B15525BF62E8002DA988 /* HomeView.swift */,
				D827B15925BF6475002DA988 /* MapView.swift */,
				D827B15D25BF65EF002DA988 /* AboutView.swift */,
				D8CE100625BF75960046D7F2 /* PoweredByAppMakerView.swift */,
			);
			path = Views;
			sourceTree = "<group>";
		};
		D8D00FB725BE37A4003E090E = {
			isa = PBXGroup;
			children = (
				D8D00FC225BE37A4003E090E /* BasicTemplate */,
				D8D00FC125BE37A4003E090E /* Products */,
			);
			sourceTree = "<group>";
		};
		D8D00FC125BE37A4003E090E /* Products */ = {
			isa = PBXGroup;
			children = (
				D8D00FC025BE37A4003E090E /* BasicTemplate.app */,
			);
			name = Products;
			sourceTree = "<group>";
		};
		D8D00FC225BE37A4003E090E /* BasicTemplate */ = {
			isa = PBXGroup;
			children = (
				D8D00FC325BE37A4003E090E /* BasicTemplateApp.swift */,
				D827B16025BF6680002DA988 /* _AMTemplater.swift */,
				D8D00FC525BE37A4003E090E /* ContentView.swift */,
				D827B15825BF6468002DA988 /* Views */,
				D8D00FC725BE37A5003E090E /* Assets.xcassets */,
				D8D00FCC25BE37A5003E090E /* Info.plist */,
				D8D00FC925BE37A5003E090E /* Preview Content */,
			);
			path = BasicTemplate;
			sourceTree = "<group>";
		};
		D8D00FC925BE37A5003E090E /* Preview Content */ = {
			isa = PBXGroup;
			children = (
				D8D00FCA25BE37A5003E090E /* Preview Assets.xcassets */,
			);
			path = "Preview Content";
			sourceTree = "<group>";
		};
/* End PBXGroup section */

/* Begin PBXNativeTarget section */
		D8D00FBF25BE37A4003E090E /* BasicTemplate */ = {
			isa = PBXNativeTarget;
			buildConfigurationList = D8D00FCF25BE37A5003E090E /* Build configuration list for PBXNativeTarget "BasicTemplate" */;
			buildPhases = (
				D8D00FBC25BE37A4003E090E /* Sources */,
				D8D00FBD25BE37A4003E090E /* Frameworks */,
				D8D00FBE25BE37A4003E090E /* Resources */,
			);
			buildRules = (
			);
			dependencies = (
			);
			name = BasicTemplate;
			productName = BasicTemplate;
			productReference = D8D00FC025BE37A4003E090E /* BasicTemplate.app */;
			productType = "com.apple.product-type.application";
		};
/* End PBXNativeTarget section */

/* Begin PBXProject section */
		D8D00FB825BE37A4003E090E /* Project object */ = {
			isa = PBXProject;
			attributes = {
				LastSwiftUpdateCheck = 1230;
				LastUpgradeCheck = 1230;
				TargetAttributes = {
					D8D00FBF25BE37A4003E090E = {
						CreatedOnToolsVersion = 12.3;
					};
				};
			};
			buildConfigurationList = D8D00FBB25BE37A4003E090E /* Build configuration list for PBXProject "BasicTemplate" */;
			compatibilityVersion = "Xcode 9.3";
			developmentRegion = en;
			hasScannedForEncodings = 0;
			knownRegions = (
				en,
				Base,
			);
			mainGroup = D8D00FB725BE37A4003E090E;
			productRefGroup = D8D00FC125BE37A4003E090E /* Products */;
			projectDirPath = "";
			projectRoot = "";
			targets = (
				D8D00FBF25BE37A4003E090E /* BasicTemplate */,
			);
		};
/* End PBXProject section */

/* Begin PBXResourcesBuildPhase section */
		D8D00FBE25BE37A4003E090E /* Resources */ = {
			isa = PBXResourcesBuildPhase;
			buildActionMask = 2147483647;
			files = (
				D8D00FCB25BE37A5003E090E /* Preview Assets.xcassets in Resources */,
				D8D00FC825BE37A5003E090E /* Assets.xcassets in Resources */,
			);
			runOnlyForDeploymentPostprocessing = 0;
		};
/* End PBXResourcesBuildPhase section */

/* Begin PBXSourcesBuildPhase section */
		D8D00FBC25BE37A4003E090E /* Sources */ = {
			isa = PBXSourcesBuildPhase;
			buildActionMask = 2147483647;
			files = (
				D827B16125BF6680002DA988 /* _AMTemplater.swift in Sources */,
				D827B15625BF62E8002DA988 /* HomeView.swift in Sources */,
				D827B15A25BF6475002DA988 /* MapView.swift in Sources */,
				D8CE100725BF75960046D7F2 /* PoweredByAppMakerView.swift in Sources */,
				D8D00FC625BE37A4003E090E /* ContentView.swift in Sources */,
				D8D00FC425BE37A4003E090E /* BasicTemplateApp.swift in Sources */,
				D827B15E25BF65EF002DA988 /* AboutView.swift in Sources */,
			);
			runOnlyForDeploymentPostprocessing = 0;
		};
/* End PBXSourcesBuildPhase section */

/* Begin XCBuildConfiguration section */
		D8D00FCD25BE37A5003E090E /* Debug */ = {
			isa = XCBuildConfiguration;
			buildSettings = {
				ALWAYS_SEARCH_USER_PATHS = NO;
				CLANG_ANALYZER_NONNULL = YES;
				CLANG_ANALYZER_NUMBER_OBJECT_CONVERSION = YES_AGGRESSIVE;
				CLANG_CXX_LANGUAGE_STANDARD = "gnu++14";
				CLANG_CXX_LIBRARY = "libc++";
				CLANG_ENABLE_MODULES = YES;
				CLANG_ENABLE_OBJC_ARC = YES;
				CLANG_ENABLE_OBJC_WEAK = YES;
				CLANG_WARN_BLOCK_CAPTURE_AUTORELEASING = YES;
				CLANG_WARN_BOOL_CONVERSION = YES;
				CLANG_WARN_COMMA = YES;
				CLANG_WARN_CONSTANT_CONVERSION = YES;
				CLANG_WARN_DEPRECATED_OBJC_IMPLEMENTATIONS = YES;
				CLANG_WARN_DIRECT_OBJC_ISA_USAGE = YES_ERROR;
				CLANG_WARN_DOCUMENTATION_COMMENTS = YES;
				CLANG_WARN_EMPTY_BODY = YES;
				CLANG_WARN_ENUM_CONVERSION = YES;
				CLANG_WARN_INFINITE_RECURSION = YES;
				CLANG_WARN_INT_CONVERSION = YES;
				CLANG_WARN_NON_LITERAL_NULL_CONVERSION = YES;
				CLANG_WARN_OBJC_IMPLICIT_RETAIN_SELF = YES;
				CLANG_WARN_OBJC_LITERAL_CONVERSION = YES;
				CLANG_WARN_OBJC_ROOT_CLASS = YES_ERROR;
				CLANG_WARN_QUOTED_INCLUDE_IN_FRAMEWORK_HEADER = YES;
				CLANG_WARN_RANGE_LOOP_ANALYSIS = YES;
				CLANG_WARN_STRICT_PROTOTYPES = YES;
				CLANG_WARN_SUSPICIOUS_MOVE = YES;
				CLANG_WARN_UNGUARDED_AVAILABILITY = YES_AGGRESSIVE;
				CLANG_WARN_UNREACHABLE_CODE = YES;
				CLANG_WARN__DUPLICATE_METHOD_MATCH = YES;
				COPY_PHASE_STRIP = NO;
				DEBUG_INFORMATION_FORMAT = dwarf;
				ENABLE_STRICT_OBJC_MSGSEND = YES;
				ENABLE_TESTABILITY = YES;
				GCC_C_LANGUAGE_STANDARD = gnu11;
				GCC_DYNAMIC_NO_PIC = NO;
				GCC_NO_COMMON_BLOCKS = YES;
				GCC_OPTIMIZATION_LEVEL = 0;
				GCC_PREPROCESSOR_DEFINITIONS = (
					"DEBUG=1",
					"$(inherited)",
				);
				GCC_WARN_64_TO_32_BIT_CONVERSION = YES;
				GCC_WARN_ABOUT_RETURN_TYPE = YES_ERROR;
				GCC_WARN_UNDECLARED_SELECTOR = YES;
				GCC_WARN_UNINITIALIZED_AUTOS = YES_AGGRESSIVE;
				GCC_WARN_UNUSED_FUNCTION = YES;
				GCC_WARN_UNUSED_VARIABLE = YES;
				IPHONEOS_DEPLOYMENT_TARGET = 14.3;
				MTL_ENABLE_DEBUG_INFO = INCLUDE_SOURCE;
				MTL_FAST_MATH = YES;
				ONLY_ACTIVE_ARCH = YES;
				SDKROOT = iphoneos;
				SWIFT_ACTIVE_COMPILATION_CONDITIONS = DEBUG;
				SWIFT_OPTIMIZATION_LEVEL = "-Onone";
			};
			name = Debug;
		};
		D8D00FCE25BE37A5003E090E /* Release */ = {
			isa = XCBuildConfiguration;
			buildSettings = {
				ALWAYS_SEARCH_USER_PATHS = NO;
				CLANG_ANALYZER_NONNULL = YES;
				CLANG_ANALYZER_NUMBER_OBJECT_CONVERSION = YES_AGGRESSIVE;
				CLANG_CXX_LANGUAGE_STANDARD = "gnu++14";
				CLANG_CXX_LIBRARY = "libc++";
				CLANG_ENABLE_MODULES = YES;
				CLANG_ENABLE_OBJC_ARC = YES;
				CLANG_ENABLE_OBJC_WEAK = YES;
				CLANG_WARN_BLOCK_CAPTURE_AUTORELEASING = YES;
				CLANG_WARN_BOOL_CONVERSION = YES;
				CLANG_WARN_COMMA = YES;
				CLANG_WARN_CONSTANT_CONVERSION = YES;
				CLANG_WARN_DEPRECATED_OBJC_IMPLEMENTATIONS = YES;
				CLANG_WARN_DIRECT_OBJC_ISA_USAGE = YES_ERROR;
				CLANG_WARN_DOCUMENTATION_COMMENTS = YES;
				CLANG_WARN_EMPTY_BODY = YES;
				CLANG_WARN_ENUM_CONVERSION = YES;
				CLANG_WARN_INFINITE_RECURSION = YES;
				CLANG_WARN_INT_CONVERSION = YES;
				CLANG_WARN_NON_LITERAL_NULL_CONVERSION = YES;
				CLANG_WARN_OBJC_IMPLICIT_RETAIN_SELF = YES;
				CLANG_WARN_OBJC_LITERAL_CONVERSION = YES;
				CLANG_WARN_OBJC_ROOT_CLASS = YES_ERROR;
				CLANG_WARN_QUOTED_INCLUDE_IN_FRAMEWORK_HEADER = YES;
				CLANG_WARN_RANGE_LOOP_ANALYSIS = YES;
				CLANG_WARN_STRICT_PROTOTYPES = YES;
				CLANG_WARN_SUSPICIOUS_MOVE = YES;
				CLANG_WARN_UNGUARDED_AVAILABILITY = YES_AGGRESSIVE;
				CLANG_WARN_UNREACHABLE_CODE = YES;
				CLANG_WARN__DUPLICATE_METHOD_MATCH = YES;
				COPY_PHASE_STRIP = NO;
				DEBUG_INFORMATION_FORMAT = "dwarf-with-dsym";
				ENABLE_NS_ASSERTIONS = NO;
				ENABLE_STRICT_OBJC_MSGSEND = YES;
				GCC_C_LANGUAGE_STANDARD = gnu11;
				GCC_NO_COMMON_BLOCKS = YES;
				GCC_WARN_64_TO_32_BIT_CONVERSION = YES;
				GCC_WARN_ABOUT_RETURN_TYPE = YES_ERROR;
				GCC_WARN_UNDECLARED_SELECTOR = YES;
				GCC_WARN_UNINITIALIZED_AUTOS = YES_AGGRESSIVE;
				GCC_WARN_UNUSED_FUNCTION = YES;
				GCC_WARN_UNUSED_VARIABLE = YES;
				IPHONEOS_DEPLOYMENT_TARGET = 14.3;
				MTL_ENABLE_DEBUG_INFO = NO;
				MTL_FAST_MATH = YES;
				SDKROOT = iphoneos;
				SWIFT_COMPILATION_MODE = wholemodule;
				SWIFT_OPTIMIZATION_LEVEL = "-O";
				VALIDATE_PRODUCT = YES;
			};
			name = Release;
		};
		D8D00FD025BE37A5003E090E /* Debug */ = {
			isa = XCBuildConfiguration;
			buildSettings = {
				ASSETCATALOG_COMPILER_APPICON_NAME = AppIcon;
				ASSETCATALOG_COMPILER_GLOBAL_ACCENT_COLOR_NAME = AccentColor;
				CODE_SIGN_STYLE = Automatic;
				DEVELOPMENT_ASSET_PATHS = "\"BasicTemplate/Preview Content\"";
				DEVELOPMENT_TEAM = "";
				ENABLE_PREVIEWS = YES;
				INFOPLIST_FILE = BasicTemplate/Info.plist;
				IPHONEOS_DEPLOYMENT_TARGET = 14.0;
				LD_RUNPATH_SEARCH_PATHS = (
					"$(inherited)",
					"@executable_path/Frameworks",
				);
				PRODUCT_BUNDLE_IDENTIFIER = com.example.BasicTemplate;
				PRODUCT_NAME = "$(TARGET_NAME)";
				SWIFT_VERSION = 5.0;
				TARGETED_DEVICE_FAMILY = "1,2";
			};
			name = Debug;
		};
		D8D00FD125BE37A5003E090E /* Release */ = {
			isa = XCBuildConfiguration;
			buildSettings = {
				ASSETCATALOG_COMPILER_APPICON_NAME = AppIcon;
				ASSETCATALOG_COMPILER_GLOBAL_ACCENT_COLOR_NAME = AccentColor;
				CODE_SIGN_STYLE = Automatic;
				DEVELOPMENT_ASSET_PATHS = "\"BasicTemplate/Preview Content\"";
				DEVELOPMENT_TEAM = "";
				ENABLE_PREVIEWS = YES;
				INFOPLIST_FILE = BasicTemplate/Info.plist;
				IPHONEOS_DEPLOYMENT_TARGET = 14.0;
				LD_RUNPATH_SEARCH_PATHS = (
					"$(inherited)",
					"@executable_path/Frameworks",
				);
				PRODUCT_BUNDLE_IDENTIFIER = com.example.BasicTemplate;
				PRODUCT_NAME = "$(TARGET_NAME)";
				SWIFT_VERSION = 5.0;
				TARGETED_DEVICE_FAMILY = "1,2";
			};
			name = Release;
		};
/* End XCBuildConfiguration section */

/* Begin XCConfigurationList section */
		D8D00FBB25BE37A4003E090E /* Build configuration list for PBXProject "BasicTemplate" */ = {
			isa = XCConfigurationList;
			buildConfigurations = (
				D8D00FCD25BE37A5003E090E /* Debug */,
				D8D00FCE25BE37A5003E090E /* Release */,
			);
			defaultConfigurationIsVisible = 0;
			defaultConfigurationName = Release;
		};
		D8D00FCF25BE37A5003E090E /* Build configuration list for PBXNativeTarget "BasicTemplate" */ = {
			isa = XCConfigurationList;
			buildConfigurations = (
				D8D00FD025BE37A5003E090E /* Debug */,
				D8D00FD125BE37A5003E090E /* Release */,
			);
			defaultConfigurationIsVisible = 0;
			defaultConfigurationName = Release;
		};
/* End XCConfigurationList section */
	};
	rootObject = D8D00FB825BE37A4003E090E /* Project object */;
}
